
Microsoft Visual Studio Solution File, Format Version 12.00
# Visual Studio Version 17
VisualStudioVersion = 17.6.33723.286
MinimumVisualStudioVersion = 10.0.40219.1
Project("{FAE04EC0-301F-11D3-BF4B-00C04F79EFBC}") = "MagicVilla_VillaAPI", "MagicVilla_VillaAPI\MagicVilla_VillaAPI.csproj", "{23A448FC-223F-4195-AE1D-7E3DE5242B8E}"
EndProject
Global
	GlobalSection(SolutionConfigurationPlatforms) = preSolution
		Debug|Any CPU = Debug|Any CPU
		Release|Any CPU = Release|Any CPU
	EndGlobalSection
	GlobalSection(ProjectConfigurationPlatforms) = postSolution
		{23A448FC-223F-4195-AE1D-7E3DE5242B8E}.Debug|Any CPU.ActiveCfg = Debug|Any CPU
		{23A448FC-223F-4195-AE1D-7E3DE5242B8E}.Debug|Any CPU.Build.0 = Debug|Any CPU
		{23A448FC-223F-4195-AE1D-7E3DE5242B8E}.Release|Any CPU.ActiveCfg = Release|Any CPU
		{23A448FC-223F-4195-AE1D-7E3DE5242B8E}.Release|Any CPU.Build.0 = Release|Any CPU
	EndGlobalSection
	GlobalSection(SolutionProperties) = preSolution
		HideSolutionNode = FALSE
	EndGlobalSection
	GlobalSection(ExtensibilityGlobals) = postSolution
		SolutionGuid = {5C0B402F-6A5F-4869-8116-89DC0C79A803}
	EndGlobalSection
EndGlobal
